
Microsoft Visual Studio Solution File, Format Version 12.00
# Visual Studio Version 17
VisualStudioVersion = 17.7.34003.232
MinimumVisualStudioVersion = 10.0.40219.1
Project("{FAE04EC0-301F-11D3-BF4B-00C04F79EFBC}") = "BitBorard Checkers", "BitBorard Checkers\BitBorard Checkers.csproj", "{760A1FED-3A65-4168-B8E3-49EC9CD660BE}"
EndProject
Global
	GlobalSection(SolutionConfigurationPlatforms) = preSolution
		Debug|Any CPU = Debug|Any CPU
		Release|Any CPU = Release|Any CPU
	EndGlobalSection
	GlobalSection(ProjectConfigurationPlatforms) = postSolution
		{760A1FED-3A65-4168-B8E3-49EC9CD660BE}.Debug|Any CPU.ActiveCfg = Debug|Any CPU
		{760A1FED-3A65-4168-B8E3-49EC9CD660BE}.Debug|Any CPU.Build.0 = Debug|Any CPU
		{760A1FED-3A65-4168-B8E3-49EC9CD660BE}.Release|Any CPU.ActiveCfg = Release|Any CPU
		{760A1FED-3A65-4168-B8E3-49EC9CD660BE}.Release|Any CPU.Build.0 = Release|Any CPU
	EndGlobalSection
	GlobalSection(SolutionProperties) = preSolution
		HideSolutionNode = FALSE
	EndGlobalSection
	GlobalSection(ExtensibilityGlobals) = postSolution
		SolutionGuid = {5303A8CA-7D95-4FF9-9541-DC7ABB611DC5}
	EndGlobalSection
EndGlobal
